
Microsoft Visual Studio Solution File, Format Version 12.00
# Visual Studio Version 16
VisualStudioVersion = 16.0.32602.291
MinimumVisualStudioVersion = 10.0.40219.1
Project("{FAE04EC0-301F-11D3-BF4B-00C04F79EFBC}") = "GameConsoleDemo", "GameConsoleDemo.csproj", "{B428C485-0E73-4483-B0A5-70508D171DC2}"
EndProject
Global
	GlobalSection(SolutionConfigurationPlatforms) = preSolution
		Debug|Any CPU = Debug|Any CPU
		Release|Any CPU = Release|Any CPU
	EndGlobalSection
	GlobalSection(ProjectConfigurationPlatforms) = postSolution
		{B428C485-0E73-4483-B0A5-70508D171DC2}.Debug|Any CPU.ActiveCfg = Debug|Any CPU
		{B428C485-0E73-4483-B0A5-70508D171DC2}.Debug|Any CPU.Build.0 = Debug|Any CPU
		{B428C485-0E73-4483-B0A5-70508D171DC2}.Release|Any CPU.ActiveCfg = Release|Any CPU
		{B428C485-0E73-4483-B0A5-70508D171DC2}.Release|Any CPU.Build.0 = Release|Any CPU
	EndGlobalSection
	GlobalSection(SolutionProperties) = preSolution
		HideSolutionNode = FALSE
	EndGlobalSection
	GlobalSection(ExtensibilityGlobals) = postSolution
		SolutionGuid = {E96B2F5A-562E-4ECB-93A6-A11F0BD16841}
	EndGlobalSection
EndGlobal
